github.com/brianvoe/gofakeit/v7 v7.2.1 h1:AGojgaaCdgq4Adzrd2uWdbGNDyX6MWNhHdQBraNfOHI=
github.com/brianvoe/gofakeit/v7 v7.2.1/go.mod h1:QXuPeBw164PJCzCUZVmgpgHJ3Llj49jSLVkKPMtxtxA=
github.com/brianvoe/gofakeit/v7 v7.3.0 h1:TWStf7/lLpAjKw+bqwzeORo9jvrxToWEwp9b1J2vApQ=
github.com/brianvoe/gofakeit/v7 v7.3.0/go.mod h1:QXuPeBw164PJCzCUZVmgpgHJ3Llj49jSLVkKPMtxtxA=
github.com/brianvoe/gofakeit/v7 v7.4.0 h1:Q7R44v1E9vkath1SxBqxXzhLnyOcGm/Ex3CQwjudJuI=
github.com/brianvoe/gofakeit/v7 v7.4.0/go.mod h1:QXuPeBw164PJCzCUZVmgpgHJ3Llj49jSLVkKPMtxtxA=
github.com/brianvoe/gofakeit/v7 v7.5.0 h1:isCPYoc2NxWvoa+PebAzZgzHuNGq6j34wuiMqGPID8U=
github.com/brianvoe/gofakeit/v7 v7.5.0/go.mod h1:QXuPeBw164PJCzCUZVmgpgHJ3Llj49jSLVkKPMtxtxA=
github.com/brianvoe/gofakeit/v7 v7.5.1 h1:HJvuVtQFe3TKh+pw8eD+2l7r5eyssfL/wGql5hA9r6U=
github.com/brianvoe/gofakeit/v7 v7.5.1/go.mod h1:QXuPeBw164PJCzCUZVmgpgHJ3Llj49jSLVkKPMtxtxA=
github.com/brianvoe/gofakeit/v7 v7.6.0 h1:M3RUb5CuS2IZmF/cP+O+NdLxJEuDAZxNQBwPbbqR6h4=
github.com/brianvoe/gofakeit/v7 v7.6.0/go.mod h1:QXuPeBw164PJCzCUZVmgpgHJ3Llj49jSLVkKPMtxtxA=
github.com/brianvoe/gofakeit/v7 v7.7.0 h1:DnSKZOgB5hFmugOuVCOnLAREFwXsna4VcLFcHHHGDZA=
github.com/brianvoe/gofakeit/v7 v7.7.0/go.mod h1:QXuPeBw164PJCzCUZVmgpgHJ3Llj49jSLVkKPMtxtxA=
github.com/brianvoe/gofakeit/v7 v7.7.1 h1:Z74GFLZz57rAUHjpNbaKOr8c7nXdUohsiwF/jhkqE0k=
github.com/brianvoe/gofakeit/v7 v7.7.1/go.mod h1:QXuPeBw164PJCzCUZVmgpgHJ3Llj49jSLVkKPMtxtxA=
github.com/brianvoe/gofakeit/v7 v7.7.2 h1:IK/ahOdXowDdqq65+dVHvIfCOF8TEJOvr+Aiw3Mu7rQ=
github.com/brianvoe/gofakeit/v7 v7.7.2/go.mod h1:QXuPeBw164PJCzCUZVmgpgHJ3Llj49jSLVkKPMtxtxA=
github.com/brianvoe/gofakeit/v7 v7.7.3 h1:RWOATEGpJ5EVg2nN8nlaEyaV/aB4d6c3GqYrbqQekss=
github.com/brianvoe/gofakeit/v7 v7.7.3/go.mod h1:QXuPeBw164PJCzCUZVmgpgHJ3Llj49jSLVkKPMtxtxA=
github.com/go-errors/errors v1.5.1 h1:ZwEMSLRCapFLflTpT7NKaAc7ukJ8ZPEjzlxt8rPN8bk=
github.com/go-errors/errors v1.5.1/go.mod h1:sIVyrIiJhuEF+Pj9Ebtd6P/rEYROXFi3BopGUQ5a5Og=
